# THIS IS AN AUTOGENERATED FILE. DO NOT EDIT THIS FILE DIRECTLY.
# yarn lockfile v1


node-fetch@^2.3.0:
  version "2.3.0"
  resolved "https://registry.yarnpkg.com/node-fetch/-/node-fetch-2.3.0.tgz#1a1d940bbfb916a1d3e0219f037e89e71f8c5fa5"
  integrity sha512-MOd8pV3fxENbryESLgVIeaGKrdl+uaYhCSSVkjeOb/31/njTpcis5aWfdqgNlHIrKOLRbMnfPINPOML2CIFeXA==

parse-ms@^2.0.0:
  version "2.0.0"
  resolved "https://registry.yarnpkg.com/parse-ms/-/parse-ms-2.0.0.tgz#7b3640295100caf3fa0100ccceb56635b62f9d62"
  integrity sha512-AddiXFSLLCqj+tCRJ9MrUtHZB4DWojO3tk0NVZ+g5MaMQHF2+p2ktqxuoXyPFLljz/aUK0Nfhd/uGWnhXVXEyA==

pidusage@^2.0.17:
  version "2.0.17"
  resolved "https://registry.yarnpkg.com/pidusage/-/pidusage-2.0.17.tgz#6b4a2b4a09026f0e9828f7e5627837e4c0672581"
  integrity sha512-N8X5v18rBmlBoArfS83vrnD0gIFyZkXEo7a5pAS2aT0i2OLVymFb2AzVg+v8l/QcXnE1JwZcaXR8daJcoJqtjw==
  dependencies:
    safe-buffer "^5.1.2"

prettier@^1.16.4:
  version "1.16.4"
  resolved "https://registry.yarnpkg.com/prettier/-/prettier-1.16.4.tgz#73e37e73e018ad2db9c76742e2647e21790c9717"
  integrity sha512-ZzWuos7TI5CKUeQAtFd6Zhm2s6EpAD/ZLApIhsF9pRvRtM1RFo61dM/4MSRUA0SuLugA/zgrZD8m0BaY46Og7g==

pretty-bytes@^5.1.0:
  version "5.1.0"
  resolved "https://registry.yarnpkg.com/pretty-bytes/-/pretty-bytes-5.1.0.tgz#6237ecfbdc6525beaef4de722cc60a58ae0e6c6d"
  integrity sha512-wa5+qGVg9Yt7PB6rYm3kXlKzgzgivYTLRandezh43jjRqgyDyP+9YxfJpJiLs9yKD1WeU8/OvtToWpW7255FtA==

pretty-ms@^4.0.0:
  version "4.0.0"
  resolved "https://registry.yarnpkg.com/pretty-ms/-/pretty-ms-4.0.0.tgz#31baf41b94fd02227098aaa03bd62608eb0d6e92"
  integrity sha512-qG66ahoLCwpLXD09ZPHSCbUWYTqdosB7SMP4OffgTgL2PBKXMuUsrk5Bwg8q4qPkjTXsKBMr+YK3Ltd/6F9s/Q==
  dependencies:
    parse-ms "^2.0.0"

safe-buffer@^5.1.2:
  version "5.1.2"
  resolved "https://registry.yarnpkg.com/safe-buffer/-/safe-buffer-5.1.2.tgz#991ec69d296e0313747d59bdfd2b745c35f8828d"
  integrity sha512-Gd2UZBJDkXlY7GbJxfsE8/nvKkUEU1G38c1siN6QP6a9PT9MmHB8GnpscSmMJSoF8LOIrt8ud/wPtojys4G6+g==
